
Microsoft Visual Studio Solution File, Format Version 11.00
# Visual Studio 2010
Project("{FAE04EC0-301F-11D3-BF4B-00C04F79EFBC}") = "SOPAPI", "SOP API\SOPAPI.csproj", "{162BC59F-2853-4320-965F-9244DF5305AF}"
EndProject
Global
	GlobalSection(SolutionConfigurationPlatforms) = preSolution
		Debug|Any CPU = Debug|Any CPU
		Release|Any CPU = Release|Any CPU
	EndGlobalSection
	GlobalSection(ProjectConfigurationPlatforms) = postSolution
		{162BC59F-2853-4320-965F-9244DF5305AF}.Debug|Any CPU.ActiveCfg = Debug|Any CPU
		{162BC59F-2853-4320-965F-9244DF5305AF}.Debug|Any CPU.Build.0 = Debug|Any CPU
		{162BC59F-2853-4320-965F-9244DF5305AF}.Release|Any CPU.ActiveCfg = Release|Any CPU
		{162BC59F-2853-4320-965F-9244DF5305AF}.Release|Any CPU.Build.0 = Release|Any CPU
	EndGlobalSection
	GlobalSection(SolutionProperties) = preSolution
		HideSolutionNode = FALSE
	EndGlobalSection
EndGlobal
