
Microsoft Visual Studio Solution File, Format Version 12.00
# Visual Studio Version 16
VisualStudioVersion = 16.0.29613.14
MinimumVisualStudioVersion = 10.0.40219.1
Project("{FAE04EC0-301F-11D3-BF4B-00C04F79EFBC}") = "Vergil", "SOP API\Vergil.csproj", "{162BC59F-2853-4320-965F-9244DF5305AF}"
EndProject
Global
	GlobalSection(SolutionConfigurationPlatforms) = preSolution
		Debug|Any CPU = Debug|Any CPU
		Release|Any CPU = Release|Any CPU
	EndGlobalSection
	GlobalSection(ProjectConfigurationPlatforms) = postSolution
		{162BC59F-2853-4320-965F-9244DF5305AF}.Debug|Any CPU.ActiveCfg = Debug|Any CPU
		{162BC59F-2853-4320-965F-9244DF5305AF}.Debug|Any CPU.Build.0 = Debug|Any CPU
		{162BC59F-2853-4320-965F-9244DF5305AF}.Release|Any CPU.ActiveCfg = Release|Any CPU
		{162BC59F-2853-4320-965F-9244DF5305AF}.Release|Any CPU.Build.0 = Release|Any CPU
	EndGlobalSection
	GlobalSection(SolutionProperties) = preSolution
		HideSolutionNode = FALSE
	EndGlobalSection
	GlobalSection(ExtensibilityGlobals) = postSolution
		SolutionGuid = {BE20964F-3876-4B75-896B-9C19D11B0AE7}
	EndGlobalSection
EndGlobal
